{
  "name": "notion-api-js",
  "version": "2.0.0",
  "lockfileVersion": 1,
  "requires": true,
  "dependencies": {
    "@types/node": {
      "version": "12.0.8",
      "resolved": "https://registry.npmjs.org/@types/node/-/node-12.0.8.tgz",
      "integrity": "sha512-b8bbUOTwzIY3V5vDTY1fIJ+ePKDUBqt2hC2woVGotdQQhG/2Sh62HOKHrT7ab+VerXAcPyAiTEipPu/FsreUtg=="
    },
    "@types/node-fetch": {
      "version": "2.3.7",
      "resolved": "https://registry.npmjs.org/@types/node-fetch/-/node-fetch-2.3.7.tgz",
      "integrity": "sha512-+bKtuxhj/TYSSP1r4CZhfmyA0vm/aDRQNo7vbAgf6/cZajn0SAniGGST07yvI4Q+q169WTa2/x9gEHfJrkcALw==",
      "dev": true,
      "requires": {
        "@types/node": "*"
      }
    },
    "node-fetch": {
      "version": "2.3.0",
      "resolved": "https://registry.npmjs.org/node-fetch/-/node-fetch-2.3.0.tgz",
      "integrity": "sha512-MOd8pV3fxENbryESLgVIeaGKrdl+uaYhCSSVkjeOb/31/njTpcis5aWfdqgNlHIrKOLRbMnfPINPOML2CIFeXA=="
    },
    "typescript": {
      "version": "3.5.2",
      "resolved": "https://registry.npmjs.org/typescript/-/typescript-3.5.2.tgz",
      "integrity": "sha512-7KxJovlYhTX5RaRbUdkAXN1KUZ8PwWlTzQdHV6xNqvuFOs7+WBo10TQUqT19Q/Jz2hk5v9TQDIhyLhhJY4p5AA==",
      "dev": true
    }
  }
}
